
Microsoft Visual Studio Solution File, Format Version 12.00
# Visual Studio Version 16
VisualStudioVersion = 16.0.33130.400
MinimumVisualStudioVersion = 10.0.40219.1
Project("{FAE04EC0-301F-11D3-BF4B-00C04F79EFBC}") = "CubeIntersection", "CubeIntersection.csproj", "{1E3C8550-F449-468B-86CA-BBABACEF3038}"
EndProject
Global
	GlobalSection(SolutionConfigurationPlatforms) = preSolution
		Debug|Any CPU = Debug|Any CPU
		Release|Any CPU = Release|Any CPU
	EndGlobalSection
	GlobalSection(ProjectConfigurationPlatforms) = postSolution
		{1E3C8550-F449-468B-86CA-BBABACEF3038}.Debug|Any CPU.ActiveCfg = Debug|Any CPU
		{1E3C8550-F449-468B-86CA-BBABACEF3038}.Debug|Any CPU.Build.0 = Debug|Any CPU
		{1E3C8550-F449-468B-86CA-BBABACEF3038}.Release|Any CPU.ActiveCfg = Release|Any CPU
		{1E3C8550-F449-468B-86CA-BBABACEF3038}.Release|Any CPU.Build.0 = Release|Any CPU
	EndGlobalSection
	GlobalSection(SolutionProperties) = preSolution
		HideSolutionNode = FALSE
	EndGlobalSection
	GlobalSection(ExtensibilityGlobals) = postSolution
		SolutionGuid = {635E5043-B98C-4F7A-8811-9677ED1B9CC0}
	EndGlobalSection
EndGlobal
